// !$*UTF8*$!
{
	archiveVersion = 1;
	classes = {
	};
	objectVersion = 56;
	objects = {

/* Begin PBXBuildFile section */
		526F06C92AE9599500335907 /* AnimationsApp.swift in Sources */ = {isa = PBXBuildFile; fileRef = 526F06C82AE9599500335907 /* AnimationsApp.swift */; };
		526F06CB2AE9599500335907 /* ContentView.swift in Sources */ = {isa = PBXBuildFile; fileRef = 526F06CA2AE9599500335907 /* ContentView.swift */; };
		526F06CD2AE9599600335907 /* Assets.xcassets in Resources */ = {isa = PBXBuildFile; fileRef = 526F06CC2AE9599600335907 /* Assets.xcassets */; };
		526F06D02AE9599600335907 /* Preview Assets.xcassets in Resources */ = {isa = PBXBuildFile; fileRef = 526F06CF2AE9599600335907 /* Preview Assets.xcassets */; };
		526F06D72AE95CAF00335907 /* ImplicitAnimations.swift in Sources */ = {isa = PBXBuildFile; fileRef = 526F06D62AE95CAF00335907 /* ImplicitAnimations.swift */; };
		526F06D92AE969B000335907 /* CustomizingAnimations.swift in Sources */ = {isa = PBXBuildFile; fileRef = 526F06D82AE969B000335907 /* CustomizingAnimations.swift */; };
		526F06DB2AE9863500335907 /* AnimateBindings.swift in Sources */ = {isa = PBXBuildFile; fileRef = 526F06DA2AE9863500335907 /* AnimateBindings.swift */; };
		526F06DD2AE9983B00335907 /* ExplicitAnimations.swift in Sources */ = {isa = PBXBuildFile; fileRef = 526F06DC2AE9983B00335907 /* ExplicitAnimations.swift */; };
		526F06DF2AE9A4B800335907 /* AnimationStackExample.swift in Sources */ = {isa = PBXBuildFile; fileRef = 526F06DE2AE9A4B800335907 /* AnimationStackExample.swift */; };
		526F06E12AE9AAEC00335907 /* AnimationGesturesExamples.swift in Sources */ = {isa = PBXBuildFile; fileRef = 526F06E02AE9AAEC00335907 /* AnimationGesturesExamples.swift */; };
		526F06E32AE9B83A00335907 /* ShowHideViewExamples.swift in Sources */ = {isa = PBXBuildFile; fileRef = 526F06E22AE9B83A00335907 /* ShowHideViewExamples.swift */; };
		526F06E52AE9BAA500335907 /* CustomTransitionExamples.swift in Sources */ = {isa = PBXBuildFile; fileRef = 526F06E42AE9BAA500335907 /* CustomTransitionExamples.swift */; };
/* End PBXBuildFile section */

/* Begin PBXFileReference section */
		526F06C52AE9599500335907 /* Animations.app */ = {isa = PBXFileReference; explicitFileType = wrapper.application; includeInIndex = 0; path = Animations.app; sourceTree = BUILT_PRODUCTS_DIR; };
		526F06C82AE9599500335907 /* AnimationsApp.swift */ = {isa = PBXFileReference; lastKnownFileType = sourcecode.swift; path = AnimationsApp.swift; sourceTree = "<group>"; };
		526F06CA2AE9599500335907 /* ContentView.swift */ = {isa = PBXFileReference; lastKnownFileType = sourcecode.swift; path = ContentView.swift; sourceTree = "<group>"; };
		526F06CC2AE9599600335907 /* Assets.xcassets */ = {isa = PBXFileReference; lastKnownFileType = folder.assetcatalog; path = Assets.xcassets; sourceTree = "<group>"; };
		526F06CF2AE9599600335907 /* Preview Assets.xcassets */ = {isa = PBXFileReference; lastKnownFileType = folder.assetcatalog; path = "Preview Assets.xcassets"; sourceTree = "<group>"; };
		526F06D62AE95CAF00335907 /* ImplicitAnimations.swift */ = {isa = PBXFileReference; lastKnownFileType = sourcecode.swift; path = ImplicitAnimations.swift; sourceTree = "<group>"; };
		526F06D82AE969B000335907 /* CustomizingAnimations.swift */ = {isa = PBXFileReference; lastKnownFileType = sourcecode.swift; path = CustomizingAnimations.swift; sourceTree = "<group>"; };
		526F06DA2AE9863500335907 /* AnimateBindings.swift */ = {isa = PBXFileReference; lastKnownFileType = sourcecode.swift; path = AnimateBindings.swift; sourceTree = "<group>"; };
		526F06DC2AE9983B00335907 /* ExplicitAnimations.swift */ = {isa = PBXFileReference; lastKnownFileType = sourcecode.swift; path = ExplicitAnimations.swift; sourceTree = "<group>"; };
		526F06DE2AE9A4B800335907 /* AnimationStackExample.swift */ = {isa = PBXFileReference; lastKnownFileType = sourcecode.swift; path = AnimationStackExample.swift; sourceTree = "<group>"; };
		526F06E02AE9AAEC00335907 /* AnimationGesturesExamples.swift */ = {isa = PBXFileReference; lastKnownFileType = sourcecode.swift; path = AnimationGesturesExamples.swift; sourceTree = "<group>"; };
		526F06E22AE9B83A00335907 /* ShowHideViewExamples.swift */ = {isa = PBXFileReference; lastKnownFileType = sourcecode.swift; path = ShowHideViewExamples.swift; sourceTree = "<group>"; };
		526F06E42AE9BAA500335907 /* CustomTransitionExamples.swift */ = {isa = PBXFileReference; lastKnownFileType = sourcecode.swift; path = CustomTransitionExamples.swift; sourceTree = "<group>"; };
/* End PBXFileReference section */

/* Begin PBXFrameworksBuildPhase section */
		526F06C22AE9599500335907 /* Frameworks */ = {
			isa = PBXFrameworksBuildPhase;
			buildActionMask = 2147483647;
			files = (
			);
			runOnlyForDeploymentPostprocessing = 0;
		};
/* End PBXFrameworksBuildPhase section */

/* Begin PBXGroup section */
		52537A752AF142CC0093D751 /* TutorialFiles */ = {
			isa = PBXGroup;
			children = (
				526F06D62AE95CAF00335907 /* ImplicitAnimations.swift */,
				526F06D82AE969B000335907 /* CustomizingAnimations.swift */,
				526F06DA2AE9863500335907 /* AnimateBindings.swift */,
				526F06DC2AE9983B00335907 /* ExplicitAnimations.swift */,
				526F06DE2AE9A4B800335907 /* AnimationStackExample.swift */,
				526F06E02AE9AAEC00335907 /* AnimationGesturesExamples.swift */,
				526F06E22AE9B83A00335907 /* ShowHideViewExamples.swift */,
				526F06E42AE9BAA500335907 /* CustomTransitionExamples.swift */,
			);
			path = TutorialFiles;
			sourceTree = "<group>";
		};
		526F06BC2AE9599500335907 = {
			isa = PBXGroup;
			children = (
				526F06C72AE9599500335907 /* Animations */,
				526F06C62AE9599500335907 /* Products */,
			);
			sourceTree = "<group>";
		};
		526F06C62AE9599500335907 /* Products */ = {
			isa = PBXGroup;
			children = (
				526F06C52AE9599500335907 /* Animations.app */,
			);
			name = Products;
			sourceTree = "<group>";
		};
		526F06C72AE9599500335907 /* Animations */ = {
			isa = PBXGroup;
			children = (
				526F06C82AE9599500335907 /* AnimationsApp.swift */,
				526F06CA2AE9599500335907 /* ContentView.swift */,
				526F06CC2AE9599600335907 /* Assets.xcassets */,
				52537A752AF142CC0093D751 /* TutorialFiles */,
				526F06CE2AE9599600335907 /* Preview Content */,
			);
			path = Animations;
			sourceTree = "<group>";
		};
		526F06CE2AE9599600335907 /* Preview Content */ = {
			isa = PBXGroup;
			children = (
				526F06CF2AE9599600335907 /* Preview Assets.xcassets */,
			);
			path = "Preview Content";
			sourceTree = "<group>";
		};
/* End PBXGroup section */

/* Begin PBXNativeTarget section */
		526F06C42AE9599500335907 /* Animations */ = {
			isa = PBXNativeTarget;
			buildConfigurationList = 526F06D32AE9599600335907 /* Build configuration list for PBXNativeTarget "Animations" */;
			buildPhases = (
				526F06C12AE9599500335907 /* Sources */,
				526F06C22AE9599500335907 /* Frameworks */,
				526F06C32AE9599500335907 /* Resources */,
			);
			buildRules = (
			);
			dependencies = (
			);
			name = Animations;
			productName = Animations;
			productReference = 526F06C52AE9599500335907 /* Animations.app */;
			productType = "com.apple.product-type.application";
		};
/* End PBXNativeTarget section */

/* Begin PBXProject section */
		526F06BD2AE9599500335907 /* Project object */ = {
			isa = PBXProject;
			attributes = {
				BuildIndependentTargetsInParallel = 1;
				LastSwiftUpdateCheck = 1500;
				LastUpgradeCheck = 1500;
				TargetAttributes = {
					526F06C42AE9599500335907 = {
						CreatedOnToolsVersion = 15.0.1;
					};
				};
			};
			buildConfigurationList = 526F06C02AE9599500335907 /* Build configuration list for PBXProject "Animations" */;
			compatibilityVersion = "Xcode 14.0";
			developmentRegion = en;
			hasScannedForEncodings = 0;
			knownRegions = (
				en,
				Base,
			);
			mainGroup = 526F06BC2AE9599500335907;
			productRefGroup = 526F06C62AE9599500335907 /* Products */;
			projectDirPath = "";
			projectRoot = "";
			targets = (
				526F06C42AE9599500335907 /* Animations */,
			);
		};
/* End PBXProject section */

/* Begin PBXResourcesBuildPhase section */
		526F06C32AE9599500335907 /* Resources */ = {
			isa = PBXResourcesBuildPhase;
			buildActionMask = 2147483647;
			files = (
				526F06D02AE9599600335907 /* Preview Assets.xcassets in Resources */,
				526F06CD2AE9599600335907 /* Assets.xcassets in Resources */,
			);
			runOnlyForDeploymentPostprocessing = 0;
		};
/* End PBXResourcesBuildPhase section */

/* Begin PBXSourcesBuildPhase section */
		526F06C12AE9599500335907 /* Sources */ = {
			isa = PBXSourcesBuildPhase;
			buildActionMask = 2147483647;
			files = (
				526F06DF2AE9A4B800335907 /* AnimationStackExample.swift in Sources */,
				526F06D72AE95CAF00335907 /* ImplicitAnimations.swift in Sources */,
				526F06E52AE9BAA500335907 /* CustomTransitionExamples.swift in Sources */,
				526F06DB2AE9863500335907 /* AnimateBindings.swift in Sources */,
				526F06E12AE9AAEC00335907 /* AnimationGesturesExamples.swift in Sources */,
				526F06D92AE969B000335907 /* CustomizingAnimations.swift in Sources */,
				526F06CB2AE9599500335907 /* ContentView.swift in Sources */,
				526F06DD2AE9983B00335907 /* ExplicitAnimations.swift in Sources */,
				526F06C92AE9599500335907 /* AnimationsApp.swift in Sources */,
				526F06E32AE9B83A00335907 /* ShowHideViewExamples.swift in Sources */,
			);
			runOnlyForDeploymentPostprocessing = 0;
		};
/* End PBXSourcesBuildPhase section */

/* Begin XCBuildConfiguration section */
		526F06D12AE9599600335907 /* Debug */ = {
			isa = XCBuildConfiguration;
			buildSettings = {
				ALWAYS_SEARCH_USER_PATHS = NO;
				ASSETCATALOG_COMPILER_GENERATE_SWIFT_ASSET_SYMBOL_EXTENSIONS = YES;
				CLANG_ANALYZER_NONNULL = YES;
				CLANG_ANALYZER_NUMBER_OBJECT_CONVERSION = YES_AGGRESSIVE;
				CLANG_CXX_LANGUAGE_STANDARD = "gnu++20";
				CLANG_ENABLE_MODULES = YES;
				CLANG_ENABLE_OBJC_ARC = YES;
				CLANG_ENABLE_OBJC_WEAK = YES;
				CLANG_WARN_BLOCK_CAPTURE_AUTORELEASING = YES;
				CLANG_WARN_BOOL_CONVERSION = YES;
				CLANG_WARN_COMMA = YES;
				CLANG_WARN_CONSTANT_CONVERSION = YES;
				CLANG_WARN_DEPRECATED_OBJC_IMPLEMENTATIONS = YES;
				CLANG_WARN_DIRECT_OBJC_ISA_USAGE = YES_ERROR;
				CLANG_WARN_DOCUMENTATION_COMMENTS = YES;
				CLANG_WARN_EMPTY_BODY = YES;
				CLANG_WARN_ENUM_CONVERSION = YES;
				CLANG_WARN_INFINITE_RECURSION = YES;
				CLANG_WARN_INT_CONVERSION = YES;
				CLANG_WARN_NON_LITERAL_NULL_CONVERSION = YES;
				CLANG_WARN_OBJC_IMPLICIT_RETAIN_SELF = YES;
				CLANG_WARN_OBJC_LITERAL_CONVERSION = YES;
				CLANG_WARN_OBJC_ROOT_CLASS = YES_ERROR;
				CLANG_WARN_QUOTED_INCLUDE_IN_FRAMEWORK_HEADER = YES;
				CLANG_WARN_RANGE_LOOP_ANALYSIS = YES;
				CLANG_WARN_STRICT_PROTOTYPES = YES;
				CLANG_WARN_SUSPICIOUS_MOVE = YES;
				CLANG_WARN_UNGUARDED_AVAILABILITY = YES_AGGRESSIVE;
				CLANG_WARN_UNREACHABLE_CODE = YES;
				CLANG_WARN__DUPLICATE_METHOD_MATCH = YES;
				COPY_PHASE_STRIP = NO;
				DEBUG_INFORMATION_FORMAT = dwarf;
				ENABLE_STRICT_OBJC_MSGSEND = YES;
				ENABLE_TESTABILITY = YES;
				ENABLE_USER_SCRIPT_SANDBOXING = YES;
				GCC_C_LANGUAGE_STANDARD = gnu17;
				GCC_DYNAMIC_NO_PIC = NO;
				GCC_NO_COMMON_BLOCKS = YES;
				GCC_OPTIMIZATION_LEVEL = 0;
				GCC_PREPROCESSOR_DEFINITIONS = (
					"DEBUG=1",
					"$(inherited)",
				);
				GCC_WARN_64_TO_32_BIT_CONVERSION = YES;
				GCC_WARN_ABOUT_RETURN_TYPE = YES_ERROR;
				GCC_WARN_UNDECLARED_SELECTOR = YES;
				GCC_WARN_UNINITIALIZED_AUTOS = YES_AGGRESSIVE;
				GCC_WARN_UNUSED_FUNCTION = YES;
				GCC_WARN_UNUSED_VARIABLE = YES;
				IPHONEOS_DEPLOYMENT_TARGET = 17.0;
				LOCALIZATION_PREFERS_STRING_CATALOGS = YES;
				MTL_ENABLE_DEBUG_INFO = INCLUDE_SOURCE;
				MTL_FAST_MATH = YES;
				ONLY_ACTIVE_ARCH = YES;
				SDKROOT = iphoneos;
				SWIFT_ACTIVE_COMPILATION_CONDITIONS = "DEBUG $(inherited)";
				SWIFT_OPTIMIZATION_LEVEL = "-Onone";
			};
			name = Debug;
		};
		526F06D22AE9599600335907 /* Release */ = {
			isa = XCBuildConfiguration;
			buildSettings = {
				ALWAYS_SEARCH_USER_PATHS = NO;
				ASSETCATALOG_COMPILER_GENERATE_SWIFT_ASSET_SYMBOL_EXTENSIONS = YES;
				CLANG_ANALYZER_NONNULL = YES;
				CLANG_ANALYZER_NUMBER_OBJECT_CONVERSION = YES_AGGRESSIVE;
				CLANG_CXX_LANGUAGE_STANDARD = "gnu++20";
				CLANG_ENABLE_MODULES = YES;
				CLANG_ENABLE_OBJC_ARC = YES;
				CLANG_ENABLE_OBJC_WEAK = YES;
				CLANG_WARN_BLOCK_CAPTURE_AUTORELEASING = YES;
				CLANG_WARN_BOOL_CONVERSION = YES;
				CLANG_WARN_COMMA = YES;
				CLANG_WARN_CONSTANT_CONVERSION = YES;
				CLANG_WARN_DEPRECATED_OBJC_IMPLEMENTATIONS = YES;
				CLANG_WARN_DIRECT_OBJC_ISA_USAGE = YES_ERROR;
				CLANG_WARN_DOCUMENTATION_COMMENTS = YES;
				CLANG_WARN_EMPTY_BODY = YES;
				CLANG_WARN_ENUM_CONVERSION = YES;
				CLANG_WARN_INFINITE_RECURSION = YES;
				CLANG_WARN_INT_CONVERSION = YES;
				CLANG_WARN_NON_LITERAL_NULL_CONVERSION = YES;
				CLANG_WARN_OBJC_IMPLICIT_RETAIN_SELF = YES;
				CLANG_WARN_OBJC_LITERAL_CONVERSION = YES;
				CLANG_WARN_OBJC_ROOT_CLASS = YES_ERROR;
				CLANG_WARN_QUOTED_INCLUDE_IN_FRAMEWORK_HEADER = YES;
				CLANG_WARN_RANGE_LOOP_ANALYSIS = YES;
				CLANG_WARN_STRICT_PROTOTYPES = YES;
				CLANG_WARN_SUSPICIOUS_MOVE = YES;
				CLANG_WARN_UNGUARDED_AVAILABILITY = YES_AGGRESSIVE;
				CLANG_WARN_UNREACHABLE_CODE = YES;
				CLANG_WARN__DUPLICATE_METHOD_MATCH = YES;
				COPY_PHASE_STRIP = NO;
				DEBUG_INFORMATION_FORMAT = "dwarf-with-dsym";
				ENABLE_NS_ASSERTIONS = NO;
				ENABLE_STRICT_OBJC_MSGSEND = YES;
				ENABLE_USER_SCRIPT_SANDBOXING = YES;
				GCC_C_LANGUAGE_STANDARD = gnu17;
				GCC_NO_COMMON_BLOCKS = YES;
				GCC_WARN_64_TO_32_BIT_CONVERSION = YES;
				GCC_WARN_ABOUT_RETURN_TYPE = YES_ERROR;
				GCC_WARN_UNDECLARED_SELECTOR = YES;
				GCC_WARN_UNINITIALIZED_AUTOS = YES_AGGRESSIVE;
				GCC_WARN_UNUSED_FUNCTION = YES;
				GCC_WARN_UNUSED_VARIABLE = YES;
				IPHONEOS_DEPLOYMENT_TARGET = 17.0;
				LOCALIZATION_PREFERS_STRING_CATALOGS = YES;
				MTL_ENABLE_DEBUG_INFO = NO;
				MTL_FAST_MATH = YES;
				SDKROOT = iphoneos;
				SWIFT_COMPILATION_MODE = wholemodule;
				VALIDATE_PRODUCT = YES;
			};
			name = Release;
		};
		526F06D42AE9599600335907 /* Debug */ = {
			isa = XCBuildConfiguration;
			buildSettings = {
				ASSETCATALOG_COMPILER_APPICON_NAME = AppIcon;
				ASSETCATALOG_COMPILER_GLOBAL_ACCENT_COLOR_NAME = AccentColor;
				CODE_SIGN_STYLE = Automatic;
				CURRENT_PROJECT_VERSION = 1;
				DEVELOPMENT_ASSET_PATHS = "\"Animations/Preview Content\"";
				DEVELOPMENT_TEAM = 5G39MTZYS5;
				ENABLE_PREVIEWS = YES;
				GENERATE_INFOPLIST_FILE = YES;
				INFOPLIST_KEY_UIApplicationSceneManifest_Generation = YES;
				INFOPLIST_KEY_UIApplicationSupportsIndirectInputEvents = YES;
				INFOPLIST_KEY_UILaunchScreen_Generation = YES;
				INFOPLIST_KEY_UISupportedInterfaceOrientations_iPad = "UIInterfaceOrientationPortrait UIInterfaceOrientationPortraitUpsideDown UIInterfaceOrientationLandscapeLeft UIInterfaceOrientationLandscapeRight";
				INFOPLIST_KEY_UISupportedInterfaceOrientations_iPhone = "UIInterfaceOrientationPortrait UIInterfaceOrientationLandscapeLeft UIInterfaceOrientationLandscapeRight";
				LD_RUNPATH_SEARCH_PATHS = (
					"$(inherited)",
					"@executable_path/Frameworks",
				);
				MARKETING_VERSION = 1.0;
				PRODUCT_BUNDLE_IDENTIFIER = com.personal.Animations;
				PRODUCT_NAME = "$(TARGET_NAME)";
				SWIFT_EMIT_LOC_STRINGS = YES;
				SWIFT_VERSION = 5.0;
				TARGETED_DEVICE_FAMILY = "1,2";
			};
			name = Debug;
		};
		526F06D52AE9599600335907 /* Release */ = {
			isa = XCBuildConfiguration;
			buildSettings = {
				ASSETCATALOG_COMPILER_APPICON_NAME = AppIcon;
				ASSETCATALOG_COMPILER_GLOBAL_ACCENT_COLOR_NAME = AccentColor;
				CODE_SIGN_STYLE = Automatic;
				CURRENT_PROJECT_VERSION = 1;
				DEVELOPMENT_ASSET_PATHS = "\"Animations/Preview Content\"";
				DEVELOPMENT_TEAM = 5G39MTZYS5;
				ENABLE_PREVIEWS = YES;
				GENERATE_INFOPLIST_FILE = YES;
				INFOPLIST_KEY_UIApplicationSceneManifest_Generation = YES;
				INFOPLIST_KEY_UIApplicationSupportsIndirectInputEvents = YES;
				INFOPLIST_KEY_UILaunchScreen_Generation = YES;
				INFOPLIST_KEY_UISupportedInterfaceOrientations_iPad = "UIInterfaceOrientationPortrait UIInterfaceOrientationPortraitUpsideDown UIInterfaceOrientationLandscapeLeft UIInterfaceOrientationLandscapeRight";
				INFOPLIST_KEY_UISupportedInterfaceOrientations_iPhone = "UIInterfaceOrientationPortrait UIInterfaceOrientationLandscapeLeft UIInterfaceOrientationLandscapeRight";
				LD_RUNPATH_SEARCH_PATHS = (
					"$(inherited)",
					"@executable_path/Frameworks",
				);
				MARKETING_VERSION = 1.0;
				PRODUCT_BUNDLE_IDENTIFIER = com.personal.Animations;
				PRODUCT_NAME = "$(TARGET_NAME)";
				SWIFT_EMIT_LOC_STRINGS = YES;
				SWIFT_VERSION = 5.0;
				TARGETED_DEVICE_FAMILY = "1,2";
			};
			name = Release;
		};
/* End XCBuildConfiguration section */

/* Begin XCConfigurationList section */
		526F06C02AE9599500335907 /* Build configuration list for PBXProject "Animations" */ = {
			isa = XCConfigurationList;
			buildConfigurations = (
				526F06D12AE9599600335907 /* Debug */,
				526F06D22AE9599600335907 /* Release */,
			);
			defaultConfigurationIsVisible = 0;
			defaultConfigurationName = Release;
		};
		526F06D32AE9599600335907 /* Build configuration list for PBXNativeTarget "Animations" */ = {
			isa = XCConfigurationList;
			buildConfigurations = (
				526F06D42AE9599600335907 /* Debug */,
				526F06D52AE9599600335907 /* Release */,
			);
			defaultConfigurationIsVisible = 0;
			defaultConfigurationName = Release;
		};
/* End XCConfigurationList section */
	};
	rootObject = 526F06BD2AE9599500335907 /* Project object */;
}
